Microsoft Visual Studio Solution File, Format Version 12.00
# Visual Studio Version 17
VisualStudioVersion = 17.5.2.0
MinimumVisualStudioVersion = 10.0.40219.1
Project("{FAE04EC0-301F-11D3-BF4B-00C04F79EFBC}") = "application_noteapi", "application_noteapi\application_noteapi.csproj", "{866A32F2-EBE3-4465-6EE1-627DCEBA0CF2}"
EndProject
Global
	GlobalSection(SolutionConfigurationPlatforms) = preSolution
		Debug|Any CPU = Debug|Any CPU
		Release|Any CPU = Release|Any CPU
	EndGlobalSection
	GlobalSection(ProjectConfigurationPlatforms) = postSolution
		{866A32F2-EBE3-4465-6EE1-627DCEBA0CF2}.Debug|Any CPU.ActiveCfg = Debug|Any CPU
		{866A32F2-EBE3-4465-6EE1-627DCEBA0CF2}.Debug|Any CPU.Build.0 = Debug|Any CPU
		{866A32F2-EBE3-4465-6EE1-627DCEBA0CF2}.Release|Any CPU.ActiveCfg = Release|Any CPU
		{866A32F2-EBE3-4465-6EE1-627DCEBA0CF2}.Release|Any CPU.Build.0 = Release|Any CPU
	EndGlobalSection
	GlobalSection(SolutionProperties) = preSolution
		HideSolutionNode = FALSE
	EndGlobalSection
	GlobalSection(ExtensibilityGlobals) = postSolution
		SolutionGuid = {4F3E0F0E-0FC7-4508-8A19-40B154BDDC2A}
	EndGlobalSection
EndGlobal
